
Microsoft Visual Studio Solution File, Format Version 12.00
# Visual Studio Version 17
VisualStudioVersion = 17.3.32922.545
MinimumVisualStudioVersion = 10.0.40219.1
Project("{FAE04EC0-301F-11D3-BF4B-00C04F79EFBC}") = "UnionOfArrays", "UnionOfArrays\UnionOfArrays.csproj", "{1104768E-4B40-46A5-B990-33007934B8D3}"
EndProject
Global
	GlobalSection(SolutionConfigurationPlatforms) = preSolution
		Debug|Any CPU = Debug|Any CPU
		Release|Any CPU = Release|Any CPU
	EndGlobalSection
	GlobalSection(ProjectConfigurationPlatforms) = postSolution
		{1104768E-4B40-46A5-B990-33007934B8D3}.Debug|Any CPU.ActiveCfg = Debug|Any CPU
		{1104768E-4B40-46A5-B990-33007934B8D3}.Debug|Any CPU.Build.0 = Debug|Any CPU
		{1104768E-4B40-46A5-B990-33007934B8D3}.Release|Any CPU.ActiveCfg = Release|Any CPU
		{1104768E-4B40-46A5-B990-33007934B8D3}.Release|Any CPU.Build.0 = Release|Any CPU
	EndGlobalSection
	GlobalSection(SolutionProperties) = preSolution
		HideSolutionNode = FALSE
	EndGlobalSection
	GlobalSection(ExtensibilityGlobals) = postSolution
		SolutionGuid = {B6A4E742-BEB3-468B-A471-0055553FD490}
	EndGlobalSection
EndGlobal
